
Microsoft Visual Studio Solution File, Format Version 12.00
# Visual Studio Version 17
VisualStudioVersion = 17.13.35919.96 d17.13
MinimumVisualStudioVersion = 10.0.40219.1
Project("{FAE04EC0-301F-11D3-BF4B-00C04F79EFBC}") = "GestionClient", "GestionClient\GestionClient.csproj", "{0A08E50E-DA57-42A1-A062-0D898DF955F9}"
EndProject
Global
	GlobalSection(SolutionConfigurationPlatforms) = preSolution
		Debug|Any CPU = Debug|Any CPU
		Release|Any CPU = Release|Any CPU
	EndGlobalSection
	GlobalSection(ProjectConfigurationPlatforms) = postSolution
		{0A08E50E-DA57-42A1-A062-0D898DF955F9}.Debug|Any CPU.ActiveCfg = Debug|Any CPU
		{0A08E50E-DA57-42A1-A062-0D898DF955F9}.Debug|Any CPU.Build.0 = Debug|Any CPU
		{0A08E50E-DA57-42A1-A062-0D898DF955F9}.Release|Any CPU.ActiveCfg = Release|Any CPU
		{0A08E50E-DA57-42A1-A062-0D898DF955F9}.Release|Any CPU.Build.0 = Release|Any CPU
	EndGlobalSection
	GlobalSection(SolutionProperties) = preSolution
		HideSolutionNode = FALSE
	EndGlobalSection
	GlobalSection(ExtensibilityGlobals) = postSolution
		SolutionGuid = {7205A927-A5F7-427B-89AD-D3C25B2BC3C5}
	EndGlobalSection
EndGlobal
